
Microsoft Visual Studio Solution File, Format Version 12.00
# Visual Studio Version 17
VisualStudioVersion = 17.9.34728.123
MinimumVisualStudioVersion = 10.0.40219.1
Project("{8BC9CEB8-8B4A-11D0-8D11-00A0C91BC942}") = "kmd", "kmd.vcxproj", "{1326E79F-0E5B-475C-AA4D-3B9412948C4B}"
EndProject
Global
	GlobalSection(SolutionConfigurationPlatforms) = preSolution
		Debug|x64 = Debug|x64
		Debug|x86 = Debug|x86
		Release|x64 = Release|x64
		Release|x86 = Release|x86
	EndGlobalSection
	GlobalSection(ProjectConfigurationPlatforms) = postSolution
		{1326E79F-0E5B-475C-AA4D-3B9412948C4B}.Debug|x64.ActiveCfg = Debug|x64
		{1326E79F-0E5B-475C-AA4D-3B9412948C4B}.Debug|x64.Build.0 = Debug|x64
		{1326E79F-0E5B-475C-AA4D-3B9412948C4B}.Debug|x86.ActiveCfg = Debug|Win32
		{1326E79F-0E5B-475C-AA4D-3B9412948C4B}.Debug|x86.Build.0 = Debug|Win32
		{1326E79F-0E5B-475C-AA4D-3B9412948C4B}.Release|x64.ActiveCfg = Release|x64
		{1326E79F-0E5B-475C-AA4D-3B9412948C4B}.Release|x64.Build.0 = Release|x64
		{1326E79F-0E5B-475C-AA4D-3B9412948C4B}.Release|x86.ActiveCfg = Release|Win32
		{1326E79F-0E5B-475C-AA4D-3B9412948C4B}.Release|x86.Build.0 = Release|Win32
	EndGlobalSection
	GlobalSection(SolutionProperties) = preSolution
		HideSolutionNode = FALSE
	EndGlobalSection
	GlobalSection(ExtensibilityGlobals) = postSolution
		SolutionGuid = {3C13037E-642C-48BB-BDE8-A4CCCC4312F1}
	EndGlobalSection
EndGlobal
