
Microsoft Visual Studio Solution File, Format Version 12.00
# Visual Studio Version 17
VisualStudioVersion = 17.6.33829.357
MinimumVisualStudioVersion = 10.0.40219.1
Project("{8BC9CEB8-8B4A-11D0-8D11-00A0C91BC942}") = "kmd-demo", "kmd-demo\kmd-demo.vcxproj", "{8BFFD4D5-FC2F-4911-8B48-3B176D016D16}"
EndProject
Global
	GlobalSection(SolutionConfigurationPlatforms) = preSolution
		Debug|x64 = Debug|x64
		Debug|x86 = Debug|x86
		Release|x64 = Release|x64
		Release|x86 = Release|x86
	EndGlobalSection
	GlobalSection(ProjectConfigurationPlatforms) = postSolution
		{8BFFD4D5-FC2F-4911-8B48-3B176D016D16}.Debug|x64.ActiveCfg = Debug|x64
		{8BFFD4D5-FC2F-4911-8B48-3B176D016D16}.Debug|x64.Build.0 = Debug|x64
		{8BFFD4D5-FC2F-4911-8B48-3B176D016D16}.Debug|x86.ActiveCfg = Debug|Win32
		{8BFFD4D5-FC2F-4911-8B48-3B176D016D16}.Debug|x86.Build.0 = Debug|Win32
		{8BFFD4D5-FC2F-4911-8B48-3B176D016D16}.Release|x64.ActiveCfg = Release|x64
		{8BFFD4D5-FC2F-4911-8B48-3B176D016D16}.Release|x64.Build.0 = Release|x64
		{8BFFD4D5-FC2F-4911-8B48-3B176D016D16}.Release|x86.ActiveCfg = Release|Win32
		{8BFFD4D5-FC2F-4911-8B48-3B176D016D16}.Release|x86.Build.0 = Release|Win32
	EndGlobalSection
	GlobalSection(SolutionProperties) = preSolution
		HideSolutionNode = FALSE
	EndGlobalSection
	GlobalSection(ExtensibilityGlobals) = postSolution
		SolutionGuid = {BD2A360B-56C4-444C-8979-0906AFB29786}
	EndGlobalSection
EndGlobal
